
Microsoft Visual Studio Solution File, Format Version 12.00
# Visual Studio Version 17
VisualStudioVersion = 17.7.34221.43
MinimumVisualStudioVersion = 10.0.40219.1
Project("{2150E333-8FDC-42A3-9474-1A3956D46DE8}") = "Task0", "Task0", "{8CC1CB33-19D0-403A-8854-56B6E6959152}"
EndProject
Project("{FAE04EC0-301F-11D3-BF4B-00C04F79EFBC}") = "Tyuiu.YangolenkoDS.Sprint6.Task0.V1.Lib", "Tyuiu.YangolenkoDS.Sprint6.Task0.V1.Lib\Tyuiu.YangolenkoDS.Sprint6.Task0.V1.Lib.csproj", "{D2719DF0-853C-43B4-B15A-8757923FDBFB}"
EndProject
Project("{FAE04EC0-301F-11D3-BF4B-00C04F79EFBC}") = "Tyuiu.YangolenkoDS.Sprint6.Task0.V1.Test", "Tyuiu.YangolenkoDS.Sprint6.Task0.V1.Test\Tyuiu.YangolenkoDS.Sprint6.Task0.V1.Test.csproj", "{60068939-26A3-40BD-8316-328EF99D1940}"
EndProject
Project("{FAE04EC0-301F-11D3-BF4B-00C04F79EFBC}") = "Tyuiu.YangolenkoDS.Sprint6.Task0.V1", "Tyuiu.YangolenkoDS.Sprint6.Task0.V1\Tyuiu.YangolenkoDS.Sprint6.Task0.V1.csproj", "{D23EDB0D-2091-4D34-BA57-C477D9CBDD20}"
EndProject
Project("{2150E333-8FDC-42A3-9474-1A3956D46DE8}") = "Task1", "Task1", "{1B8DC0EA-5A87-43AA-A2F1-48FBE7C1EC25}"
EndProject
Project("{FAE04EC0-301F-11D3-BF4B-00C04F79EFBC}") = "Tyuiu.YangolenkoDS.Sprint6.Task1.V1.Lib", "Tyuiu.YangolenkoDS.Sprint6.Task1.V1.Lib\Tyuiu.YangolenkoDS.Sprint6.Task1.V1.Lib.csproj", "{3DC24118-284D-4F09-BEEF-1573D38BFF70}"
EndProject
Project("{FAE04EC0-301F-11D3-BF4B-00C04F79EFBC}") = "Tyuiu.YangolenkoDS.Sprint6.Task1.V1.Test", "Tyuiu.YangolenkoDS.Sprint6.Task1.V1.Test\Tyuiu.YangolenkoDS.Sprint6.Task1.V1.Test.csproj", "{68C8A30E-05BF-4100-AE54-AFB4CD92B185}"
EndProject
Project("{FAE04EC0-301F-11D3-BF4B-00C04F79EFBC}") = "Tyuiu.YangolenkoDS.Sprint6.Task1.V1", "Tyuiu.YangolenkoDS.Sprint6.Task1.V1\Tyuiu.YangolenkoDS.Sprint6.Task1.V1.csproj", "{965F5A4F-6F2F-4DE1-A127-F30026B264DC}"
EndProject
Project("{2150E333-8FDC-42A3-9474-1A3956D46DE8}") = "Task2", "Task2", "{85FA30C1-F5E0-4D69-B7AD-3D693C6A2239}"
EndProject
Project("{FAE04EC0-301F-11D3-BF4B-00C04F79EFBC}") = "Tyuiu.YangolenkoDS.Sprint6.Task2.V13.Lib", "Tyuiu.YangolenkoDS.Sprint6.Task2.V13.Lib\Tyuiu.YangolenkoDS.Sprint6.Task2.V13.Lib.csproj", "{DCFE6395-3E5E-4423-97B8-1132490B2303}"
EndProject
Project("{FAE04EC0-301F-11D3-BF4B-00C04F79EFBC}") = "Tyuiu.YangolenkoDS.Sprint6.Task2.V13.Test", "Tyuiu.YangolenkoDS.Sprint6.Task2.V13.Test\Tyuiu.YangolenkoDS.Sprint6.Task2.V13.Test.csproj", "{B5F577F6-9582-4903-A092-59B684F6E5D1}"
EndProject
Project("{FAE04EC0-301F-11D3-BF4B-00C04F79EFBC}") = "Tyuiu.YangolenkoDS.Sprint6.Task2.V13", "Tyuiu.YangolenkoDS.Sprint6.Task2.V13\Tyuiu.YangolenkoDS.Sprint6.Task2.V13.csproj", "{83B262C4-D278-43E1-8308-3814928B1D8F}"
EndProject
Project("{2150E333-8FDC-42A3-9474-1A3956D46DE8}") = "Task3", "Task3", "{9967B070-F344-4937-B09C-061B76157E2D}"
EndProject
Project("{FAE04EC0-301F-11D3-BF4B-00C04F79EFBC}") = "Tyuiu.YangolenkoDS.Sprint6.Task3.V7.Lib", "Tyuiu.YangolenkoDS.Sprint6.Task3.V7.Lib\Tyuiu.YangolenkoDS.Sprint6.Task3.V7.Lib.csproj", "{5C767407-2AD0-4DFD-9D28-21F784458506}"
EndProject
Project("{FAE04EC0-301F-11D3-BF4B-00C04F79EFBC}") = "Tyuiu.YangolenkoDS.Sprint6.Task3.V7.Test", "Tyuiu.YangolenkoDS.Sprint6.Task3.V7.Test\Tyuiu.YangolenkoDS.Sprint6.Task3.V7.Test.csproj", "{ACD4CCFC-95D0-49BB-990B-C25B3FE51D79}"
EndProject
Project("{FAE04EC0-301F-11D3-BF4B-00C04F79EFBC}") = "Tyuiu.YangolenkoDS.Sprint6.Task3.V7", "Tyuiu.YangolenkoDS.Sprint6.Task3.V7\Tyuiu.YangolenkoDS.Sprint6.Task3.V7.csproj", "{BA504BA3-0C6D-48D6-8A3F-DE79D1BADA96}"
EndProject
Project("{2150E333-8FDC-42A3-9474-1A3956D46DE8}") = "Task4", "Task4", "{E66F5844-E928-4FBD-A776-2E2B71A2D0D9}"
EndProject
Project("{FAE04EC0-301F-11D3-BF4B-00C04F79EFBC}") = "Tyuiu.YangolenkoDS.Sprint6.Task4.V10.Lib", "Tyuiu.YangolenkoDS.Sprint6.Task4.V10.Lib\Tyuiu.YangolenkoDS.Sprint6.Task4.V10.Lib.csproj", "{3A7BEAEF-E9CC-47EC-A6AE-36C5AE853854}"
EndProject
Project("{FAE04EC0-301F-11D3-BF4B-00C04F79EFBC}") = "Tyuiu.YangolenkoDS.Sprint6.Task4.V10.Test", "Tyuiu.YangolenkoDS.Sprint6.Task4.V10.Test\Tyuiu.YangolenkoDS.Sprint6.Task4.V10.Test.csproj", "{5FB9094D-390A-4EC5-ACE8-3522283AE04E}"
EndProject
Project("{FAE04EC0-301F-11D3-BF4B-00C04F79EFBC}") = "Tyuiu.YangolenkoDS.Sprint6.Task4.V10", "Tyuiu.YangolenkoDS.Sprint6.Task4.V10\Tyuiu.YangolenkoDS.Sprint6.Task4.V10.csproj", "{EA4EF06E-6C66-4A32-91EF-B4631073A382}"
EndProject
Project("{2150E333-8FDC-42A3-9474-1A3956D46DE8}") = "Task5", "Task5", "{E6734AB0-F117-4618-AB94-0C0FD9ACDD72}"
EndProject
Project("{FAE04EC0-301F-11D3-BF4B-00C04F79EFBC}") = "Tyuiu.YangolenkoDS.Sprint6.Task5.V16.Lib", "Tyuiu.YangolenkoDS.Sprint6.Task5.V16.Lib\Tyuiu.YangolenkoDS.Sprint6.Task5.V16.Lib.csproj", "{39F98E60-18F0-4C27-B020-74D154590D77}"
EndProject
Project("{FAE04EC0-301F-11D3-BF4B-00C04F79EFBC}") = "Tyuiu.YangolenkoDS.Sprint6.Task5.V16.Test", "Tyuiu.YangolenkoDS.Sprint6.Task5.V16.Test\Tyuiu.YangolenkoDS.Sprint6.Task5.V16.Test.csproj", "{E51DCF66-06DB-460E-BC70-ECA7CC5B72D5}"
EndProject
Project("{FAE04EC0-301F-11D3-BF4B-00C04F79EFBC}") = "Tyuiu.YangolenkoDS.Sprint6.Task5.V16", "Tyuiu.YangolenkoDS.Sprint6.Task5.V16\Tyuiu.YangolenkoDS.Sprint6.Task5.V16.csproj", "{E8928F28-2659-44ED-BA5D-0A1F1F98F784}"
EndProject
Global
	GlobalSection(SolutionConfigurationPlatforms) = preSolution
		Debug|Any CPU = Debug|Any CPU
		Release|Any CPU = Release|Any CPU
	EndGlobalSection
	GlobalSection(ProjectConfigurationPlatforms) = postSolution
		{D2719DF0-853C-43B4-B15A-8757923FDBFB}.Debug|Any CPU.ActiveCfg = Debug|Any CPU
		{D2719DF0-853C-43B4-B15A-8757923FDBFB}.Debug|Any CPU.Build.0 = Debug|Any CPU
		{D2719DF0-853C-43B4-B15A-8757923FDBFB}.Release|Any CPU.ActiveCfg = Release|Any CPU
		{D2719DF0-853C-43B4-B15A-8757923FDBFB}.Release|Any CPU.Build.0 = Release|Any CPU
		{60068939-26A3-40BD-8316-328EF99D1940}.Debug|Any CPU.ActiveCfg = Debug|Any CPU
		{60068939-26A3-40BD-8316-328EF99D1940}.Debug|Any CPU.Build.0 = Debug|Any CPU
		{60068939-26A3-40BD-8316-328EF99D1940}.Release|Any CPU.ActiveCfg = Release|Any CPU
		{60068939-26A3-40BD-8316-328EF99D1940}.Release|Any CPU.Build.0 = Release|Any CPU
		{D23EDB0D-2091-4D34-BA57-C477D9CBDD20}.Debug|Any CPU.ActiveCfg = Debug|Any CPU
		{D23EDB0D-2091-4D34-BA57-C477D9CBDD20}.Debug|Any CPU.Build.0 = Debug|Any CPU
		{D23EDB0D-2091-4D34-BA57-C477D9CBDD20}.Release|Any CPU.ActiveCfg = Release|Any CPU
		{D23EDB0D-2091-4D34-BA57-C477D9CBDD20}.Release|Any CPU.Build.0 = Release|Any CPU
		{3DC24118-284D-4F09-BEEF-1573D38BFF70}.Debug|Any CPU.ActiveCfg = Debug|Any CPU
		{3DC24118-284D-4F09-BEEF-1573D38BFF70}.Debug|Any CPU.Build.0 = Debug|Any CPU
		{3DC24118-284D-4F09-BEEF-1573D38BFF70}.Release|Any CPU.ActiveCfg = Release|Any CPU
		{3DC24118-284D-4F09-BEEF-1573D38BFF70}.Release|Any CPU.Build.0 = Release|Any CPU
		{68C8A30E-05BF-4100-AE54-AFB4CD92B185}.Debug|Any CPU.ActiveCfg = Debug|Any CPU
		{68C8A30E-05BF-4100-AE54-AFB4CD92B185}.Debug|Any CPU.Build.0 = Debug|Any CPU
		{68C8A30E-05BF-4100-AE54-AFB4CD92B185}.Release|Any CPU.ActiveCfg = Release|Any CPU
		{68C8A30E-05BF-4100-AE54-AFB4CD92B185}.Release|Any CPU.Build.0 = Release|Any CPU
		{965F5A4F-6F2F-4DE1-A127-F30026B264DC}.Debug|Any CPU.ActiveCfg = Debug|Any CPU
		{965F5A4F-6F2F-4DE1-A127-F30026B264DC}.Debug|Any CPU.Build.0 = Debug|Any CPU
		{965F5A4F-6F2F-4DE1-A127-F30026B264DC}.Release|Any CPU.ActiveCfg = Release|Any CPU
		{965F5A4F-6F2F-4DE1-A127-F30026B264DC}.Release|Any CPU.Build.0 = Release|Any CPU
		{DCFE6395-3E5E-4423-97B8-1132490B2303}.Debug|Any CPU.ActiveCfg = Debug|Any CPU
		{DCFE6395-3E5E-4423-97B8-1132490B2303}.Debug|Any CPU.Build.0 = Debug|Any CPU
		{DCFE6395-3E5E-4423-97B8-1132490B2303}.Release|Any CPU.ActiveCfg = Release|Any CPU
		{DCFE6395-3E5E-4423-97B8-1132490B2303}.Release|Any CPU.Build.0 = Release|Any CPU
		{B5F577F6-9582-4903-A092-59B684F6E5D1}.Debug|Any CPU.ActiveCfg = Debug|Any CPU
		{B5F577F6-9582-4903-A092-59B684F6E5D1}.Debug|Any CPU.Build.0 = Debug|Any CPU
		{B5F577F6-9582-4903-A092-59B684F6E5D1}.Release|Any CPU.ActiveCfg = Release|Any CPU
		{B5F577F6-9582-4903-A092-59B684F6E5D1}.Release|Any CPU.Build.0 = Release|Any CPU
		{83B262C4-D278-43E1-8308-3814928B1D8F}.Debug|Any CPU.ActiveCfg = Debug|Any CPU
		{83B262C4-D278-43E1-8308-3814928B1D8F}.Debug|Any CPU.Build.0 = Debug|Any CPU
		{83B262C4-D278-43E1-8308-3814928B1D8F}.Release|Any CPU.ActiveCfg = Release|Any CPU
		{83B262C4-D278-43E1-8308-3814928B1D8F}.Release|Any CPU.Build.0 = Release|Any CPU
		{5C767407-2AD0-4DFD-9D28-21F784458506}.Debug|Any CPU.ActiveCfg = Debug|Any CPU
		{5C767407-2AD0-4DFD-9D28-21F784458506}.Debug|Any CPU.Build.0 = Debug|Any CPU
		{5C767407-2AD0-4DFD-9D28-21F784458506}.Release|Any CPU.ActiveCfg = Release|Any CPU
		{5C767407-2AD0-4DFD-9D28-21F784458506}.Release|Any CPU.Build.0 = Release|Any CPU
		{ACD4CCFC-95D0-49BB-990B-C25B3FE51D79}.Debug|Any CPU.ActiveCfg = Debug|Any CPU
		{ACD4CCFC-95D0-49BB-990B-C25B3FE51D79}.Debug|Any CPU.Build.0 = Debug|Any CPU
		{ACD4CCFC-95D0-49BB-990B-C25B3FE51D79}.Release|Any CPU.ActiveCfg = Release|Any CPU
		{ACD4CCFC-95D0-49BB-990B-C25B3FE51D79}.Release|Any CPU.Build.0 = Release|Any CPU
		{BA504BA3-0C6D-48D6-8A3F-DE79D1BADA96}.Debug|Any CPU.ActiveCfg = Debug|Any CPU
		{BA504BA3-0C6D-48D6-8A3F-DE79D1BADA96}.Debug|Any CPU.Build.0 = Debug|Any CPU
		{BA504BA3-0C6D-48D6-8A3F-DE79D1BADA96}.Release|Any CPU.ActiveCfg = Release|Any CPU
		{BA504BA3-0C6D-48D6-8A3F-DE79D1BADA96}.Release|Any CPU.Build.0 = Release|Any CPU
		{3A7BEAEF-E9CC-47EC-A6AE-36C5AE853854}.Debug|Any CPU.ActiveCfg = Debug|Any CPU
		{3A7BEAEF-E9CC-47EC-A6AE-36C5AE853854}.Debug|Any CPU.Build.0 = Debug|Any CPU
		{3A7BEAEF-E9CC-47EC-A6AE-36C5AE853854}.Release|Any CPU.ActiveCfg = Release|Any CPU
		{3A7BEAEF-E9CC-47EC-A6AE-36C5AE853854}.Release|Any CPU.Build.0 = Release|Any CPU
		{5FB9094D-390A-4EC5-ACE8-3522283AE04E}.Debug|Any CPU.ActiveCfg = Debug|Any CPU
		{5FB9094D-390A-4EC5-ACE8-3522283AE04E}.Debug|Any CPU.Build.0 = Debug|Any CPU
		{5FB9094D-390A-4EC5-ACE8-3522283AE04E}.Release|Any CPU.ActiveCfg = Release|Any CPU
		{5FB9094D-390A-4EC5-ACE8-3522283AE04E}.Release|Any CPU.Build.0 = Release|Any CPU
		{EA4EF06E-6C66-4A32-91EF-B4631073A382}.Debug|Any CPU.ActiveCfg = Debug|Any CPU
		{EA4EF06E-6C66-4A32-91EF-B4631073A382}.Debug|Any CPU.Build.0 = Debug|Any CPU
		{EA4EF06E-6C66-4A32-91EF-B4631073A382}.Release|Any CPU.ActiveCfg = Release|Any CPU
		{EA4EF06E-6C66-4A32-91EF-B4631073A382}.Release|Any CPU.Build.0 = Release|Any CPU
		{39F98E60-18F0-4C27-B020-74D154590D77}.Debug|Any CPU.ActiveCfg = Debug|Any CPU
		{39F98E60-18F0-4C27-B020-74D154590D77}.Debug|Any CPU.Build.0 = Debug|Any CPU
		{39F98E60-18F0-4C27-B020-74D154590D77}.Release|Any CPU.ActiveCfg = Release|Any CPU
		{39F98E60-18F0-4C27-B020-74D154590D77}.Release|Any CPU.Build.0 = Release|Any CPU
		{E51DCF66-06DB-460E-BC70-ECA7CC5B72D5}.Debug|Any CPU.ActiveCfg = Debug|Any CPU
		{E51DCF66-06DB-460E-BC70-ECA7CC5B72D5}.Debug|Any CPU.Build.0 = Debug|Any CPU
		{E51DCF66-06DB-460E-BC70-ECA7CC5B72D5}.Release|Any CPU.ActiveCfg = Release|Any CPU
		{E51DCF66-06DB-460E-BC70-ECA7CC5B72D5}.Release|Any CPU.Build.0 = Release|Any CPU
		{E8928F28-2659-44ED-BA5D-0A1F1F98F784}.Debug|Any CPU.ActiveCfg = Debug|Any CPU
		{E8928F28-2659-44ED-BA5D-0A1F1F98F784}.Debug|Any CPU.Build.0 = Debug|Any CPU
		{E8928F28-2659-44ED-BA5D-0A1F1F98F784}.Release|Any CPU.ActiveCfg = Release|Any CPU
		{E8928F28-2659-44ED-BA5D-0A1F1F98F784}.Release|Any CPU.Build.0 = Release|Any CPU
	EndGlobalSection
	GlobalSection(SolutionProperties) = preSolution
		HideSolutionNode = FALSE
	EndGlobalSection
	GlobalSection(NestedProjects) = preSolution
		{D2719DF0-853C-43B4-B15A-8757923FDBFB} = {8CC1CB33-19D0-403A-8854-56B6E6959152}
		{60068939-26A3-40BD-8316-328EF99D1940} = {8CC1CB33-19D0-403A-8854-56B6E6959152}
		{D23EDB0D-2091-4D34-BA57-C477D9CBDD20} = {8CC1CB33-19D0-403A-8854-56B6E6959152}
		{3DC24118-284D-4F09-BEEF-1573D38BFF70} = {1B8DC0EA-5A87-43AA-A2F1-48FBE7C1EC25}
		{68C8A30E-05BF-4100-AE54-AFB4CD92B185} = {1B8DC0EA-5A87-43AA-A2F1-48FBE7C1EC25}
		{965F5A4F-6F2F-4DE1-A127-F30026B264DC} = {1B8DC0EA-5A87-43AA-A2F1-48FBE7C1EC25}
		{DCFE6395-3E5E-4423-97B8-1132490B2303} = {85FA30C1-F5E0-4D69-B7AD-3D693C6A2239}
		{B5F577F6-9582-4903-A092-59B684F6E5D1} = {85FA30C1-F5E0-4D69-B7AD-3D693C6A2239}
		{83B262C4-D278-43E1-8308-3814928B1D8F} = {85FA30C1-F5E0-4D69-B7AD-3D693C6A2239}
		{5C767407-2AD0-4DFD-9D28-21F784458506} = {9967B070-F344-4937-B09C-061B76157E2D}
		{ACD4CCFC-95D0-49BB-990B-C25B3FE51D79} = {9967B070-F344-4937-B09C-061B76157E2D}
		{BA504BA3-0C6D-48D6-8A3F-DE79D1BADA96} = {9967B070-F344-4937-B09C-061B76157E2D}
		{3A7BEAEF-E9CC-47EC-A6AE-36C5AE853854} = {E66F5844-E928-4FBD-A776-2E2B71A2D0D9}
		{5FB9094D-390A-4EC5-ACE8-3522283AE04E} = {E66F5844-E928-4FBD-A776-2E2B71A2D0D9}
		{EA4EF06E-6C66-4A32-91EF-B4631073A382} = {E66F5844-E928-4FBD-A776-2E2B71A2D0D9}
		{39F98E60-18F0-4C27-B020-74D154590D77} = {E6734AB0-F117-4618-AB94-0C0FD9ACDD72}
		{E51DCF66-06DB-460E-BC70-ECA7CC5B72D5} = {E6734AB0-F117-4618-AB94-0C0FD9ACDD72}
		{E8928F28-2659-44ED-BA5D-0A1F1F98F784} = {E6734AB0-F117-4618-AB94-0C0FD9ACDD72}
	EndGlobalSection
	GlobalSection(ExtensibilityGlobals) = postSolution
		SolutionGuid = {9B001CCC-9DE9-4E72-A2A8-2C0BF1B9ADD0}
	EndGlobalSection
EndGlobal
